{
  "name": "uppy",
  "version": "1.0.0",
  "lockfileVersion": 2,
  "requires": true,
  "packages": {
    "": {
      "name": "uppy",
      "version": "1.0.0",
      "license": "ISC",
      "dependencies": {
        "@uppy/core": "^2.1.4",
        "@uppy/dashboard": "^2.1.3",
        "@uppy/url": "^2.0.5",
        "@uppy/xhr-upload": "^2.0.7"
      }
    },
    "node_modules/@transloadit/prettier-bytes": {
      "version": "0.0.7",
      "resolved": "https://registry.npmjs.org/@transloadit/prettier-bytes/-/prettier-bytes-0.0.7.tgz",
      "integrity": "sha512-VeJbUb0wEKbcwaSlj5n+LscBl9IPgLPkHVGBkh00cztv6X4L/TJXK58LzFuBKX7/GAfiGhIwH67YTLTlzvIzBA=="
    },
    "node_modules/@uppy/companion-client": {
      "version": "2.0.4",
      "resolved": "https://registry.npmjs.org/@uppy/companion-client/-/companion-client-2.0.4.tgz",
      "integrity": "sha512-Uc3bJzgSdvB+wKYoAbmhY7jv5DlziZQdK0w+5Eku2M93xcOictgJPoti94rj/PtZRH3gyszDkwACERs/bfbI7g==",
      "dependencies": {
        "@uppy/utils": "^4.0.4",
        "namespace-emitter": "^2.0.1"
      }
    },
    "node_modules/@uppy/core": {
      "version": "2.1.4",
      "resolved": "https://registry.npmjs.org/@uppy/core/-/core-2.1.4.tgz",
      "integrity": "sha512-tVC44D66BbISD3gJaqH3xUrVEP5Pah0cDQV98sI3N6W6yMSOW4m3xuhqhcWvEd4DolKCp0vyvc/pW6rsQbMVRA==",
      "dependencies": {
        "@transloadit/prettier-bytes": "0.0.7",
        "@uppy/store-default": "^2.0.3",
        "@uppy/utils": "^4.0.4",
        "lodash.throttle": "^4.1.1",
        "mime-match": "^1.0.2",
        "namespace-emitter": "^2.0.1",
        "nanoid": "^3.1.25",
        "preact": "^10.5.13"
      }
    },
    "node_modules/@uppy/dashboard": {
      "version": "2.1.3",
      "resolved": "https://registry.npmjs.org/@uppy/dashboard/-/dashboard-2.1.3.tgz",
      "integrity": "sha512-R3O+ws/aOwL3C5g8sxnB/y2Lrrvg74hxDspSYj1/Z/CayxQ8ZsJjj3DCG9MpDP+POw8poRVdkTXep71/pHRjcg==",
      "dependencies": {
        "@transloadit/prettier-bytes": "0.0.7",
        "@uppy/informer": "^2.0.5",
        "@uppy/provider-views": "^2.0.6",
        "@uppy/status-bar": "^2.1.2",
        "@uppy/thumbnail-generator": "^2.0.6",
        "@uppy/utils": "^4.0.4",
        "classnames": "^2.2.6",
        "is-shallow-equal": "^1.0.1",
        "lodash.debounce": "^4.0.8",
        "memoize-one": "^5.0.4",
        "nanoid": "^3.1.25",
        "preact": "^10.5.13"
      },
      "peerDependencies": {
        "@uppy/core": "^2.1.4"
      }
    },
    "node_modules/@uppy/informer": {
      "version": "2.0.5",
      "resolved": "https://registry.npmjs.org/@uppy/informer/-/informer-2.0.5.tgz",
      "integrity": "sha512-XBiTo+NYUMkG3RnwFXmQTnwOcTaBMzMqSTTZZ1/1NndxP1TmpmqonuQQIHlegHUHhF5T+GVAle2rMe+c8iSlsA==",
      "dependencies": {
        "@uppy/utils": "^4.0.4",
        "preact": "^10.5.13"
      },
      "peerDependencies": {
        "@uppy/core": "^2.1.3"
      }
    },
    "node_modules/@uppy/provider-views": {
      "version": "2.0.6",
      "resolved": "https://registry.npmjs.org/@uppy/provider-views/-/provider-views-2.0.6.tgz",
      "integrity": "sha512-+F5lOXcEYSgyG8unuD2OQl2E3h0SAgE7RemBS9qVOe75we99VFZAd2w3XHCdi8RAYAl0dlvQQyBHHlpeT8HZEQ==",
      "dependencies": {
        "@uppy/utils": "^4.0.4",
        "classnames": "^2.2.6",
        "preact": "^10.5.13"
      },
      "peerDependencies": {
        "@uppy/core": "^2.1.3"
      }
    },
    "node_modules/@uppy/status-bar": {
      "version": "2.1.2",
      "resolved": "https://registry.npmjs.org/@uppy/status-bar/-/status-bar-2.1.2.tgz",
      "integrity": "sha512-9Th2Ni7qL1Ss7T/5KwDH1w5KwMRe3nwkJk/zTygWIGPvlMK5G4Zr/zUrkidNo6tSPwPtYcTuXoeiR9E/cwBRJQ==",
      "dependencies": {
        "@transloadit/prettier-bytes": "0.0.7",
        "@uppy/utils": "^4.0.4",
        "classnames": "^2.2.6",
        "lodash.throttle": "^4.1.1",
        "preact": "^10.5.13"
      },
      "peerDependencies": {
        "@uppy/core": "^2.1.3"
      }
    },
    "node_modules/@uppy/store-default": {
      "version": "2.0.3",
      "resolved": "https://registry.npmjs.org/@uppy/store-default/-/store-default-2.0.3.tgz",
      "integrity": "sha512-2BGlN1sW0cFv4rOqTK8dfSg579S984N1HxCJxLFqeW9nWD6zd/O8Omyd85tbxGQ+FLZLTmLOm/feD0YeCBMahg=="
    },
    "node_modules/@uppy/thumbnail-generator": {
      "version": "2.0.6",
      "resolved": "https://registry.npmjs.org/@uppy/thumbnail-generator/-/thumbnail-generator-2.0.6.tgz",
      "integrity": "sha512-OFGlVglmC8tZqFIsKPJBdkMqfyyx8eSNrNMlrxxbDE8Ja9xaqfoRYIDqL84jVMIVbnb2853o0LYE6/l5gZpnbw==",
      "dependencies": {
        "@uppy/utils": "^4.0.4",
        "exifr": "^6.0.0"
      },
      "peerDependencies": {
        "@uppy/core": "^2.1.3"
      }
    },
    "node_modules/@uppy/url": {
      "version": "2.0.5",
      "resolved": "https://registry.npmjs.org/@uppy/url/-/url-2.0.5.tgz",
      "integrity": "sha512-G6m98HhaNRSa9WxX1KTdEVFK1fB2aKuiOdwrZn4iQvTMl/06ixkp57V8F7xyOSCwEz/2xDMoHH4myPQS+kKOBg==",
      "dependencies": {
        "@uppy/companion-client": "^2.0.4",
        "@uppy/utils": "^4.0.4",
        "preact": "^10.5.13"
      },
      "peerDependencies": {
        "@uppy/core": "^2.1.3"
      }
    },
    "node_modules/@uppy/utils": {
      "version": "4.0.5",
      "resolved": "https://registry.npmjs.org/@uppy/utils/-/utils-4.0.5.tgz",
      "integrity": "sha512-uRv921A69UMjuWCLSC5tKXuIVoMOROVpFstIAQv5CoiCOCXyofcWpvAqELT7qlQJ5VRWha3uF5d/Z94SNnwxew==",
      "dependencies": {
        "lodash.throttle": "^4.1.1"
      }
    },
    "node_modules/@uppy/xhr-upload": {
      "version": "2.0.7",
      "resolved": "https://registry.npmjs.org/@uppy/xhr-upload/-/xhr-upload-2.0.7.tgz",
      "integrity": "sha512-bzCc654B0HfNmL4BIr7gGTvg2pQBucYgPmAb4ST7jGyWlEJWbSxMXR/19zvISQzpJ6v1uP6q2ppgxGMqNdj/rA==",
      "dependencies": {
        "@uppy/companion-client": "^2.0.4",
        "@uppy/utils": "^4.0.4",
        "nanoid": "^3.1.25"
      },
      "peerDependencies": {
        "@uppy/core": "^2.1.4"
      }
    },
    "node_modules/classnames": {
      "version": "2.3.1",
      "resolved": "https://registry.npmjs.org/classnames/-/classnames-2.3.1.tgz",
      "integrity": "sha512-OlQdbZ7gLfGarSqxesMesDa5uz7KFbID8Kpq/SxIoNGDqY8lSYs0D+hhtBXhcdB3rcbXArFr7vlHheLk1voeNA=="
    },
    "node_modules/exifr": {
      "version": "6.3.0",
      "resolved": "https://registry.npmjs.org/exifr/-/exifr-6.3.0.tgz",
      "integrity": "sha512-NCSOP15py+4QyvD90etFN0QOVj12ygVE8kfEDG8GDc+SXf9YAOxua2x5kGp6WvxbGjufA5C3r/1ZKHOpHbEWFg=="
    },
    "node_modules/is-shallow-equal": {
      "version": "1.0.1",
      "resolved": "https://registry.npmjs.org/is-shallow-equal/-/is-shallow-equal-1.0.1.tgz",
      "integrity": "sha512-lq5RvK+85Hs5J3p4oA4256M1FEffzmI533ikeDHvJd42nouRRx5wBzt36JuviiGe5dIPyHON/d0/Up+PBo6XkQ=="
    },
    "node_modules/lodash.debounce": {
      "version": "4.0.8",
      "resolved": "https://registry.npmjs.org/lodash.debounce/-/lodash.debounce-4.0.8.tgz",
      "integrity": "sha1-gteb/zCmfEAF/9XiUVMArZyk168="
    },
    "node_modules/lodash.throttle": {
      "version": "4.1.1",
      "resolved": "https://registry.npmjs.org/lodash.throttle/-/lodash.throttle-4.1.1.tgz",
      "integrity": "sha1-wj6RtxAkKscMN/HhzaknTMOb8vQ="
    },
    "node_modules/memoize-one": {
      "version": "5.2.1",
      "resolved": "https://registry.npmjs.org/memoize-one/-/memoize-one-5.2.1.tgz",
      "integrity": "sha512-zYiwtZUcYyXKo/np96AGZAckk+FWWsUdJ3cHGGmld7+AhvcWmQyGCYUh1hc4Q/pkOhb65dQR/pqCyK0cOaHz4Q=="
    },
    "node_modules/mime-match": {
      "version": "1.0.2",
      "resolved": "https://registry.npmjs.org/mime-match/-/mime-match-1.0.2.tgz",
      "integrity": "sha1-P4fDHprxpf1IX7nbE0Qosju7e6g=",
      "dependencies": {
        "wildcard": "^1.1.0"
      }
    },
    "node_modules/namespace-emitter": {
      "version": "2.0.1",
      "resolved": "https://registry.npmjs.org/namespace-emitter/-/namespace-emitter-2.0.1.tgz",
      "integrity": "sha512-N/sMKHniSDJBjfrkbS/tpkPj4RAbvW3mr8UAzvlMHyun93XEm83IAvhWtJVHo+RHn/oO8Job5YN4b+wRjSVp5g=="
    },
    "node_modules/nanoid": {
      "version": "3.2.0",
      "resolved": "https://registry.npmjs.org/nanoid/-/nanoid-3.2.0.tgz",
      "integrity": "sha512-fmsZYa9lpn69Ad5eDn7FMcnnSR+8R34W9qJEijxYhTbfOWzr22n1QxCMzXLK+ODyW2973V3Fux959iQoUxzUIA==",
      "bin": {
        "nanoid": "bin/nanoid.cjs"
      },
      "engines": {
        "node": "^10 || ^12 || ^13.7 || ^14 || >=15.0.1"
      }
    },
    "node_modules/preact": {
      "version": "10.6.5",
      "resolved": "https://registry.npmjs.org/preact/-/preact-10.6.5.tgz",
      "integrity": "sha512-i+LXM6JiVjQXSt2jG2vZZFapGpCuk1fl8o6ii3G84MA3xgj686FKjs4JFDkmUVhtxyq21+4ay74zqPykz9hU6w==",
      "funding": {
        "type": "opencollective",
        "url": "https://opencollective.com/preact"
      }
    },
    "node_modules/wildcard": {
      "version": "1.1.2",
      "resolved": "https://registry.npmjs.org/wildcard/-/wildcard-1.1.2.tgz",
      "integrity": "sha1-pwIEUwhNjNLv5wup02liY94XEKU="
    }
  },
  "dependencies": {
    "@transloadit/prettier-bytes": {
      "version": "0.0.7",
      "resolved": "https://registry.npmjs.org/@transloadit/prettier-bytes/-/prettier-bytes-0.0.7.tgz",
      "integrity": "sha512-VeJbUb0wEKbcwaSlj5n+LscBl9IPgLPkHVGBkh00cztv6X4L/TJXK58LzFuBKX7/GAfiGhIwH67YTLTlzvIzBA=="
    },
    "@uppy/companion-client": {
      "version": "2.0.4",
      "resolved": "https://registry.npmjs.org/@uppy/companion-client/-/companion-client-2.0.4.tgz",
      "integrity": "sha512-Uc3bJzgSdvB+wKYoAbmhY7jv5DlziZQdK0w+5Eku2M93xcOictgJPoti94rj/PtZRH3gyszDkwACERs/bfbI7g==",
      "requires": {
        "@uppy/utils": "^4.0.4",
        "namespace-emitter": "^2.0.1"
      }
    },
    "@uppy/core": {
      "version": "2.1.4",
      "resolved": "https://registry.npmjs.org/@uppy/core/-/core-2.1.4.tgz",
      "integrity": "sha512-tVC44D66BbISD3gJaqH3xUrVEP5Pah0cDQV98sI3N6W6yMSOW4m3xuhqhcWvEd4DolKCp0vyvc/pW6rsQbMVRA==",
      "requires": {
        "@transloadit/prettier-bytes": "0.0.7",
        "@uppy/store-default": "^2.0.3",
        "@uppy/utils": "^4.0.4",
        "lodash.throttle": "^4.1.1",
        "mime-match": "^1.0.2",
        "namespace-emitter": "^2.0.1",
        "nanoid": "^3.1.25",
        "preact": "^10.5.13"
      }
    },
    "@uppy/dashboard": {
      "version": "2.1.3",
      "resolved": "https://registry.npmjs.org/@uppy/dashboard/-/dashboard-2.1.3.tgz",
      "integrity": "sha512-R3O+ws/aOwL3C5g8sxnB/y2Lrrvg74hxDspSYj1/Z/CayxQ8ZsJjj3DCG9MpDP+POw8poRVdkTXep71/pHRjcg==",
      "requires": {
        "@transloadit/prettier-bytes": "0.0.7",
        "@uppy/informer": "^2.0.5",
        "@uppy/provider-views": "^2.0.6",
        "@uppy/status-bar": "^2.1.2",
        "@uppy/thumbnail-generator": "^2.0.6",
        "@uppy/utils": "^4.0.4",
        "classnames": "^2.2.6",
        "is-shallow-equal": "^1.0.1",
        "lodash.debounce": "^4.0.8",
        "memoize-one": "^5.0.4",
        "nanoid": "^3.1.25",
        "preact": "^10.5.13"
      }
    },
    "@uppy/informer": {
      "version": "2.0.5",
      "resolved": "https://registry.npmjs.org/@uppy/informer/-/informer-2.0.5.tgz",
      "integrity": "sha512-XBiTo+NYUMkG3RnwFXmQTnwOcTaBMzMqSTTZZ1/1NndxP1TmpmqonuQQIHlegHUHhF5T+GVAle2rMe+c8iSlsA==",
      "requires": {
        "@uppy/utils": "^4.0.4",
        "preact": "^10.5.13"
      }
    },
    "@uppy/provider-views": {
      "version": "2.0.6",
      "resolved": "https://registry.npmjs.org/@uppy/provider-views/-/provider-views-2.0.6.tgz",
      "integrity": "sha512-+F5lOXcEYSgyG8unuD2OQl2E3h0SAgE7RemBS9qVOe75we99VFZAd2w3XHCdi8RAYAl0dlvQQyBHHlpeT8HZEQ==",
      "requires": {
        "@uppy/utils": "^4.0.4",
        "classnames": "^2.2.6",
        "preact": "^10.5.13"
      }
    },
    "@uppy/status-bar": {
      "version": "2.1.2",
      "resolved": "https://registry.npmjs.org/@uppy/status-bar/-/status-bar-2.1.2.tgz",
      "integrity": "sha512-9Th2Ni7qL1Ss7T/5KwDH1w5KwMRe3nwkJk/zTygWIGPvlMK5G4Zr/zUrkidNo6tSPwPtYcTuXoeiR9E/cwBRJQ==",
      "requires": {
        "@transloadit/prettier-bytes": "0.0.7",
        "@uppy/utils": "^4.0.4",
        "classnames": "^2.2.6",
        "lodash.throttle": "^4.1.1",
        "preact": "^10.5.13"
      }
    },
    "@uppy/store-default": {
      "version": "2.0.3",
      "resolved": "https://registry.npmjs.org/@uppy/store-default/-/store-default-2.0.3.tgz",
      "integrity": "sha512-2BGlN1sW0cFv4rOqTK8dfSg579S984N1HxCJxLFqeW9nWD6zd/O8Omyd85tbxGQ+FLZLTmLOm/feD0YeCBMahg=="
    },
    "@uppy/thumbnail-generator": {
      "version": "2.0.6",
      "resolved": "https://registry.npmjs.org/@uppy/thumbnail-generator/-/thumbnail-generator-2.0.6.tgz",
      "integrity": "sha512-OFGlVglmC8tZqFIsKPJBdkMqfyyx8eSNrNMlrxxbDE8Ja9xaqfoRYIDqL84jVMIVbnb2853o0LYE6/l5gZpnbw==",
      "requires": {
        "@uppy/utils": "^4.0.4",
        "exifr": "^6.0.0"
      }
    },
    "@uppy/url": {
      "version": "2.0.5",
      "resolved": "https://registry.npmjs.org/@uppy/url/-/url-2.0.5.tgz",
      "integrity": "sha512-G6m98HhaNRSa9WxX1KTdEVFK1fB2aKuiOdwrZn4iQvTMl/06ixkp57V8F7xyOSCwEz/2xDMoHH4myPQS+kKOBg==",
      "requires": {
        "@uppy/companion-client": "^2.0.4",
        "@uppy/utils": "^4.0.4",
        "preact": "^10.5.13"
      }
    },
    "@uppy/utils": {
      "version": "4.0.5",
      "resolved": "https://registry.npmjs.org/@uppy/utils/-/utils-4.0.5.tgz",
      "integrity": "sha512-uRv921A69UMjuWCLSC5tKXuIVoMOROVpFstIAQv5CoiCOCXyofcWpvAqELT7qlQJ5VRWha3uF5d/Z94SNnwxew==",
      "requires": {
        "lodash.throttle": "^4.1.1"
      }
    },
    "@uppy/xhr-upload": {
      "version": "2.0.7",
      "resolved": "https://registry.npmjs.org/@uppy/xhr-upload/-/xhr-upload-2.0.7.tgz",
      "integrity": "sha512-bzCc654B0HfNmL4BIr7gGTvg2pQBucYgPmAb4ST7jGyWlEJWbSxMXR/19zvISQzpJ6v1uP6q2ppgxGMqNdj/rA==",
      "requires": {
        "@uppy/companion-client": "^2.0.4",
        "@uppy/utils": "^4.0.4",
        "nanoid": "^3.1.25"
      }
    },
    "classnames": {
      "version": "2.3.1",
      "resolved": "https://registry.npmjs.org/classnames/-/classnames-2.3.1.tgz",
      "integrity": "sha512-OlQdbZ7gLfGarSqxesMesDa5uz7KFbID8Kpq/SxIoNGDqY8lSYs0D+hhtBXhcdB3rcbXArFr7vlHheLk1voeNA=="
    },
    "exifr": {
      "version": "6.3.0",
      "resolved": "https://registry.npmjs.org/exifr/-/exifr-6.3.0.tgz",
      "integrity": "sha512-NCSOP15py+4QyvD90etFN0QOVj12ygVE8kfEDG8GDc+SXf9YAOxua2x5kGp6WvxbGjufA5C3r/1ZKHOpHbEWFg=="
    },
    "is-shallow-equal": {
      "version": "1.0.1",
      "resolved": "https://registry.npmjs.org/is-shallow-equal/-/is-shallow-equal-1.0.1.tgz",
      "integrity": "sha512-lq5RvK+85Hs5J3p4oA4256M1FEffzmI533ikeDHvJd42nouRRx5wBzt36JuviiGe5dIPyHON/d0/Up+PBo6XkQ=="
    },
    "lodash.debounce": {
      "version": "4.0.8",
      "resolved": "https://registry.npmjs.org/lodash.debounce/-/lodash.debounce-4.0.8.tgz",
      "integrity": "sha1-gteb/zCmfEAF/9XiUVMArZyk168="
    },
    "lodash.throttle": {
      "version": "4.1.1",
      "resolved": "https://registry.npmjs.org/lodash.throttle/-/lodash.throttle-4.1.1.tgz",
      "integrity": "sha1-wj6RtxAkKscMN/HhzaknTMOb8vQ="
    },
    "memoize-one": {
      "version": "5.2.1",
      "resolved": "https://registry.npmjs.org/memoize-one/-/memoize-one-5.2.1.tgz",
      "integrity": "sha512-zYiwtZUcYyXKo/np96AGZAckk+FWWsUdJ3cHGGmld7+AhvcWmQyGCYUh1hc4Q/pkOhb65dQR/pqCyK0cOaHz4Q=="
    },
    "mime-match": {
      "version": "1.0.2",
      "resolved": "https://registry.npmjs.org/mime-match/-/mime-match-1.0.2.tgz",
      "integrity": "sha1-P4fDHprxpf1IX7nbE0Qosju7e6g=",
      "requires": {
        "wildcard": "^1.1.0"
      }
    },
    "namespace-emitter": {
      "version": "2.0.1",
      "resolved": "https://registry.npmjs.org/namespace-emitter/-/namespace-emitter-2.0.1.tgz",
      "integrity": "sha512-N/sMKHniSDJBjfrkbS/tpkPj4RAbvW3mr8UAzvlMHyun93XEm83IAvhWtJVHo+RHn/oO8Job5YN4b+wRjSVp5g=="
    },
    "nanoid": {
      "version": "3.2.0",
      "resolved": "https://registry.npmjs.org/nanoid/-/nanoid-3.2.0.tgz",
      "integrity": "sha512-fmsZYa9lpn69Ad5eDn7FMcnnSR+8R34W9qJEijxYhTbfOWzr22n1QxCMzXLK+ODyW2973V3Fux959iQoUxzUIA=="
    },
    "preact": {
      "version": "10.6.5",
      "resolved": "https://registry.npmjs.org/preact/-/preact-10.6.5.tgz",
      "integrity": "sha512-i+LXM6JiVjQXSt2jG2vZZFapGpCuk1fl8o6ii3G84MA3xgj686FKjs4JFDkmUVhtxyq21+4ay74zqPykz9hU6w=="
    },
    "wildcard": {
      "version": "1.1.2",
      "resolved": "https://registry.npmjs.org/wildcard/-/wildcard-1.1.2.tgz",
      "integrity": "sha1-pwIEUwhNjNLv5wup02liY94XEKU="
    }
  }
}
